
Microsoft Visual Studio Solution File, Format Version 12.00
# Visual Studio Version 17
VisualStudioVersion = 17.8.34511.84
MinimumVisualStudioVersion = 10.0.40219.1
Project("{FAE04EC0-301F-11D3-BF4B-00C04F79EFBC}") = "AsymetriskKryptering", "AsymetriskKryptering.csproj", "{282AFD57-1C61-419A-AF95-895BD2B04D23}"
EndProject
Global
	GlobalSection(SolutionConfigurationPlatforms) = preSolution
		Debug|Any CPU = Debug|Any CPU
		Release|Any CPU = Release|Any CPU
	EndGlobalSection
	GlobalSection(ProjectConfigurationPlatforms) = postSolution
		{282AFD57-1C61-419A-AF95-895BD2B04D23}.Debug|Any CPU.ActiveCfg = Debug|Any CPU
		{282AFD57-1C61-419A-AF95-895BD2B04D23}.Debug|Any CPU.Build.0 = Debug|Any CPU
		{282AFD57-1C61-419A-AF95-895BD2B04D23}.Release|Any CPU.ActiveCfg = Release|Any CPU
		{282AFD57-1C61-419A-AF95-895BD2B04D23}.Release|Any CPU.Build.0 = Release|Any CPU
	EndGlobalSection
	GlobalSection(SolutionProperties) = preSolution
		HideSolutionNode = FALSE
	EndGlobalSection
	GlobalSection(ExtensibilityGlobals) = postSolution
		SolutionGuid = {48F21F4D-B94B-49D7-B2A9-EA55455AD0A4}
	EndGlobalSection
EndGlobal
