
Microsoft Visual Studio Solution File, Format Version 12.00
# Visual Studio Version 17
VisualStudioVersion = 17.8.34511.84
MinimumVisualStudioVersion = 10.0.40219.1
Project("{FAE04EC0-301F-11D3-BF4B-00C04F79EFBC}") = "HæveAutomat", "HæveAutomat.csproj", "{A70FA64F-037C-4A67-AAB5-F342C06F7CF3}"
EndProject
Global
	GlobalSection(SolutionConfigurationPlatforms) = preSolution
		Debug|Any CPU = Debug|Any CPU
		Release|Any CPU = Release|Any CPU
	EndGlobalSection
	GlobalSection(ProjectConfigurationPlatforms) = postSolution
		{A70FA64F-037C-4A67-AAB5-F342C06F7CF3}.Debug|Any CPU.ActiveCfg = Debug|Any CPU
		{A70FA64F-037C-4A67-AAB5-F342C06F7CF3}.Debug|Any CPU.Build.0 = Debug|Any CPU
		{A70FA64F-037C-4A67-AAB5-F342C06F7CF3}.Release|Any CPU.ActiveCfg = Release|Any CPU
		{A70FA64F-037C-4A67-AAB5-F342C06F7CF3}.Release|Any CPU.Build.0 = Release|Any CPU
	EndGlobalSection
	GlobalSection(SolutionProperties) = preSolution
		HideSolutionNode = FALSE
	EndGlobalSection
	GlobalSection(ExtensibilityGlobals) = postSolution
		SolutionGuid = {16FF0708-238F-422D-A851-BDE0252F96DC}
	EndGlobalSection
EndGlobal
