
Microsoft Visual Studio Solution File, Format Version 12.00
# Visual Studio Version 17
VisualStudioVersion = 17.7.34221.43
MinimumVisualStudioVersion = 10.0.40219.1
Project("{FAE04EC0-301F-11D3-BF4B-00C04F79EFBC}") = "Httpconsol", "Httpconsol.csproj", "{886DDBFA-319E-471F-9D22-B33FC2B8FE73}"
EndProject
Global
	GlobalSection(SolutionConfigurationPlatforms) = preSolution
		Debug|Any CPU = Debug|Any CPU
		Release|Any CPU = Release|Any CPU
	EndGlobalSection
	GlobalSection(ProjectConfigurationPlatforms) = postSolution
		{886DDBFA-319E-471F-9D22-B33FC2B8FE73}.Debug|Any CPU.ActiveCfg = Debug|Any CPU
		{886DDBFA-319E-471F-9D22-B33FC2B8FE73}.Debug|Any CPU.Build.0 = Debug|Any CPU
		{886DDBFA-319E-471F-9D22-B33FC2B8FE73}.Release|Any CPU.ActiveCfg = Release|Any CPU
		{886DDBFA-319E-471F-9D22-B33FC2B8FE73}.Release|Any CPU.Build.0 = Release|Any CPU
	EndGlobalSection
	GlobalSection(SolutionProperties) = preSolution
		HideSolutionNode = FALSE
	EndGlobalSection
	GlobalSection(ExtensibilityGlobals) = postSolution
		SolutionGuid = {7815CC71-3B01-4919-86D7-C14AB1C34F35}
	EndGlobalSection
EndGlobal
