
Microsoft Visual Studio Solution File, Format Version 12.00
# Visual Studio Version 17
VisualStudioVersion = 17.5.002.0
MinimumVisualStudioVersion = 10.0.40219.1
Project("{9A19103F-16F7-4668-BE54-9A1E7A4F7556}") = "Kryptering", "Kryptering.csproj", "{4DDD5B6C-114F-427D-B42A-CFA7BBD5745F}"
EndProject
Global
	GlobalSection(SolutionConfigurationPlatforms) = preSolution
		Debug|Any CPU = Debug|Any CPU
		Release|Any CPU = Release|Any CPU
	EndGlobalSection
	GlobalSection(ProjectConfigurationPlatforms) = postSolution
		{4DDD5B6C-114F-427D-B42A-CFA7BBD5745F}.Debug|Any CPU.ActiveCfg = Debug|Any CPU
		{4DDD5B6C-114F-427D-B42A-CFA7BBD5745F}.Debug|Any CPU.Build.0 = Debug|Any CPU
		{4DDD5B6C-114F-427D-B42A-CFA7BBD5745F}.Release|Any CPU.ActiveCfg = Release|Any CPU
		{4DDD5B6C-114F-427D-B42A-CFA7BBD5745F}.Release|Any CPU.Build.0 = Release|Any CPU
	EndGlobalSection
	GlobalSection(SolutionProperties) = preSolution
		HideSolutionNode = FALSE
	EndGlobalSection
	GlobalSection(ExtensibilityGlobals) = postSolution
		SolutionGuid = {ECDB156B-A7CA-4603-BA54-B659EAA953CB}
	EndGlobalSection
EndGlobal
