
Microsoft Visual Studio Solution File, Format Version 12.00
# Visual Studio Version 17
VisualStudioVersion = 17.8.34511.84
MinimumVisualStudioVersion = 10.0.40219.1
Project("{FAE04EC0-301F-11D3-BF4B-00C04F79EFBC}") = "DinDigitaleVerden", "DinDigitaleVerden.csproj", "{FBE3687F-B8B6-4AF3-AD1C-774DC3412CA9}"
EndProject
Global
	GlobalSection(SolutionConfigurationPlatforms) = preSolution
		Debug|Any CPU = Debug|Any CPU
		Release|Any CPU = Release|Any CPU
	EndGlobalSection
	GlobalSection(ProjectConfigurationPlatforms) = postSolution
		{FBE3687F-B8B6-4AF3-AD1C-774DC3412CA9}.Debug|Any CPU.ActiveCfg = Debug|Any CPU
		{FBE3687F-B8B6-4AF3-AD1C-774DC3412CA9}.Debug|Any CPU.Build.0 = Debug|Any CPU
		{FBE3687F-B8B6-4AF3-AD1C-774DC3412CA9}.Release|Any CPU.ActiveCfg = Release|Any CPU
		{FBE3687F-B8B6-4AF3-AD1C-774DC3412CA9}.Release|Any CPU.Build.0 = Release|Any CPU
	EndGlobalSection
	GlobalSection(SolutionProperties) = preSolution
		HideSolutionNode = FALSE
	EndGlobalSection
	GlobalSection(ExtensibilityGlobals) = postSolution
		SolutionGuid = {B23F7D31-49D8-4C50-B26E-CF1F0A79DD70}
	EndGlobalSection
EndGlobal
